
Microsoft Visual Studio Solution File, Format Version 12.00
# Visual Studio Version 17
VisualStudioVersion = 17.13.35919.96 d17.13
MinimumVisualStudioVersion = 10.0.40219.1
Project("{FAE04EC0-301F-11D3-BF4B-00C04F79EFBC}") = "AutoWALLPapper", "AutoWALLPapper.csproj", "{D42969F7-48D6-4935-A85F-2426D0D21443}"
EndProject
Global
	GlobalSection(SolutionConfigurationPlatforms) = preSolution
		Debug|Any CPU = Debug|Any CPU
		Release|Any CPU = Release|Any CPU
	EndGlobalSection
	GlobalSection(ProjectConfigurationPlatforms) = postSolution
		{D42969F7-48D6-4935-A85F-2426D0D21443}.Debug|Any CPU.ActiveCfg = Debug|Any CPU
		{D42969F7-48D6-4935-A85F-2426D0D21443}.Debug|Any CPU.Build.0 = Debug|Any CPU
		{D42969F7-48D6-4935-A85F-2426D0D21443}.Release|Any CPU.ActiveCfg = Release|Any CPU
		{D42969F7-48D6-4935-A85F-2426D0D21443}.Release|Any CPU.Build.0 = Release|Any CPU
	EndGlobalSection
	GlobalSection(SolutionProperties) = preSolution
		HideSolutionNode = FALSE
	EndGlobalSection
	GlobalSection(ExtensibilityGlobals) = postSolution
		SolutionGuid = {17780FD2-B420-453F-95CF-C72FABFE4D62}
	EndGlobalSection
EndGlobal
